// !$*UTF8*$!
{
	archiveVersion = 1;
	classes = {
	};
	objectVersion = 50;
	objects = {

/* Begin PBXBuildFile section */
		C7764E6820DD90C90035012F /* AppDelegate.swift in Sources */ = {isa = PBXBuildFile; fileRef = C7764E6720DD90C90035012F /* AppDelegate.swift */; };
		C7764E6E20DD90C90035012F /* GameScene.swift in Sources */ = {isa = PBXBuildFile; fileRef = C7764E6D20DD90C90035012F /* GameScene.swift */; };
		C7764E7020DD90C90035012F /* GameViewController.swift in Sources */ = {isa = PBXBuildFile; fileRef = C7764E6F20DD90C90035012F /* GameViewController.swift */; };
		C7764E7320DD90C90035012F /* Main.storyboard in Resources */ = {isa = PBXBuildFile; fileRef = C7764E7120DD90C90035012F /* Main.storyboard */; };
		C7764E7520DD90CB0035012F /* Assets.xcassets in Resources */ = {isa = PBXBuildFile; fileRef = C7764E7420DD90CB0035012F /* Assets.xcassets */; };
		C7764E7820DD90CB0035012F /* LaunchScreen.storyboard in Resources */ = {isa = PBXBuildFile; fileRef = C7764E7620DD90CB0035012F /* LaunchScreen.storyboard */; };
		C7764E8020DD91400035012F /* BitBoard.swift in Sources */ = {isa = PBXBuildFile; fileRef = C7764E7F20DD913F0035012F /* BitBoard.swift */; };
		C7764E8220DD915B0035012F /* GameModel.swift in Sources */ = {isa = PBXBuildFile; fileRef = C7764E8120DD915B0035012F /* GameModel.swift */; };
		C7764E8420DD93A20035012F /* README.md in Resources */ = {isa = PBXBuildFile; fileRef = C7764E8320DD93A20035012F /* README.md */; };
		C7764E8820DD97120035012F /* screenshot.jpg in Resources */ = {isa = PBXBuildFile; fileRef = C7764E8720DD97120035012F /* screenshot.jpg */; };
/* End PBXBuildFile section */

/* Begin PBXFileReference section */
		C7764E6420DD90C90035012F /* Swift Checkers.app */ = {isa = PBXFileReference; explicitFileType = wrapper.application; includeInIndex = 0; path = "Swift Checkers.app"; sourceTree = BUILT_PRODUCTS_DIR; };
		C7764E6720DD90C90035012F /* AppDelegate.swift */ = {isa = PBXFileReference; lastKnownFileType = sourcecode.swift; path = AppDelegate.swift; sourceTree = "<group>"; };
		C7764E6D20DD90C90035012F /* GameScene.swift */ = {isa = PBXFileReference; lastKnownFileType = sourcecode.swift; path = GameScene.swift; sourceTree = "<group>"; };
		C7764E6F20DD90C90035012F /* GameViewController.swift */ = {isa = PBXFileReference; lastKnownFileType = sourcecode.swift; path = GameViewController.swift; sourceTree = "<group>"; };
		C7764E7220DD90C90035012F /* Base */ = {isa = PBXFileReference; lastKnownFileType = file.storyboard; name = Base; path = Base.lproj/Main.storyboard; sourceTree = "<group>"; };
		C7764E7420DD90CB0035012F /* Assets.xcassets */ = {isa = PBXFileReference; lastKnownFileType = folder.assetcatalog; path = Assets.xcassets; sourceTree = "<group>"; };
		C7764E7720DD90CB0035012F /* Base */ = {isa = PBXFileReference; lastKnownFileType = file.storyboard; name = Base; path = Base.lproj/LaunchScreen.storyboard; sourceTree = "<group>"; };
		C7764E7920DD90CB0035012F /* Info.plist */ = {isa = PBXFileReference; lastKnownFileType = text.plist.xml; path = Info.plist; sourceTree = "<group>"; };
		C7764E7F20DD913F0035012F /* BitBoard.swift */ = {isa = PBXFileReference; fileEncoding = 4; lastKnownFileType = sourcecode.swift; path = BitBoard.swift; sourceTree = "<group>"; };
		C7764E8120DD915B0035012F /* GameModel.swift */ = {isa = PBXFileReference; fileEncoding = 4; lastKnownFileType = sourcecode.swift; path = GameModel.swift; sourceTree = "<group>"; };
		C7764E8320DD93A20035012F /* README.md */ = {isa = PBXFileReference; fileEncoding = 4; lastKnownFileType = net.daringfireball.markdown; path = README.md; sourceTree = SOURCE_ROOT; };
		C7764E8720DD97120035012F /* screenshot.jpg */ = {isa = PBXFileReference; lastKnownFileType = image.jpeg; path = screenshot.jpg; sourceTree = SOURCE_ROOT; };
/* End PBXFileReference section */

/* Begin PBXFrameworksBuildPhase section */
		C7764E6120DD90C90035012F /* Frameworks */ = {
			isa = PBXFrameworksBuildPhase;
			buildActionMask = 2147483647;
			files = (
			);
			runOnlyForDeploymentPostprocessing = 0;
		};
/* End PBXFrameworksBuildPhase section */

/* Begin PBXGroup section */
		C7764E5B20DD90C90035012F = {
			isa = PBXGroup;
			children = (
				C7764E8320DD93A20035012F /* README.md */,
				C7764E8720DD97120035012F /* screenshot.jpg */,
				C7764E6620DD90C90035012F /* Swift Checkers */,
				C7764E6520DD90C90035012F /* Products */,
			);
			sourceTree = "<group>";
		};
		C7764E6520DD90C90035012F /* Products */ = {
			isa = PBXGroup;
			children = (
				C7764E6420DD90C90035012F /* Swift Checkers.app */,
			);
			name = Products;
			sourceTree = "<group>";
		};
		C7764E6620DD90C90035012F /* Swift Checkers */ = {
			isa = PBXGroup;
			children = (
				C7764E6720DD90C90035012F /* AppDelegate.swift */,
				C7764E6F20DD90C90035012F /* GameViewController.swift */,
				C7764E6D20DD90C90035012F /* GameScene.swift */,
				C7764E8120DD915B0035012F /* GameModel.swift */,
				C7764E7F20DD913F0035012F /* BitBoard.swift */,
				C7764E7120DD90C90035012F /* Main.storyboard */,
				C7764E7420DD90CB0035012F /* Assets.xcassets */,
				C7764E7620DD90CB0035012F /* LaunchScreen.storyboard */,
				C7764E7920DD90CB0035012F /* Info.plist */,
			);
			path = "Swift Checkers";
			sourceTree = "<group>";
		};
/* End PBXGroup section */

/* Begin PBXNativeTarget section */
		C7764E6320DD90C90035012F /* Swift Checkers */ = {
			isa = PBXNativeTarget;
			buildConfigurationList = C7764E7C20DD90CB0035012F /* Build configuration list for PBXNativeTarget "Swift Checkers" */;
			buildPhases = (
				C7764E6020DD90C90035012F /* Sources */,
				C7764E6120DD90C90035012F /* Frameworks */,
				C7764E6220DD90C90035012F /* Resources */,
			);
			buildRules = (
			);
			dependencies = (
			);
			name = "Swift Checkers";
			productName = "Swift Checkers";
			productReference = C7764E6420DD90C90035012F /* Swift Checkers.app */;
			productType = "com.apple.product-type.application";
		};
/* End PBXNativeTarget section */

/* Begin PBXProject section */
		C7764E5C20DD90C90035012F /* Project object */ = {
			isa = PBXProject;
			attributes = {
				LastSwiftUpdateCheck = 1000;
				LastUpgradeCheck = 1000;
				ORGANIZATIONNAME = "Manuel Broncano";
				TargetAttributes = {
					C7764E6320DD90C90035012F = {
						CreatedOnToolsVersion = 10.0;
					};
				};
			};
			buildConfigurationList = C7764E5F20DD90C90035012F /* Build configuration list for PBXProject "Swift Checkers" */;
			compatibilityVersion = "Xcode 9.3";
			developmentRegion = en;
			hasScannedForEncodings = 0;
			knownRegions = (
				en,
				Base,
			);
			mainGroup = C7764E5B20DD90C90035012F;
			productRefGroup = C7764E6520DD90C90035012F /* Products */;
			projectDirPath = "";
			projectRoot = "";
			targets = (
				C7764E6320DD90C90035012F /* Swift Checkers */,
			);
		};
/* End PBXProject section */

/* Begin PBXResourcesBuildPhase section */
		C7764E6220DD90C90035012F /* Resources */ = {
			isa = PBXResourcesBuildPhase;
			buildActionMask = 2147483647;
			files = (
				C7764E7320DD90C90035012F /* Main.storyboard in Resources */,
				C7764E7520DD90CB0035012F /* Assets.xcassets in Resources */,
				C7764E8420DD93A20035012F /* README.md in Resources */,
				C7764E8820DD97120035012F /* screenshot.jpg in Resources */,
				C7764E7820DD90CB0035012F /* LaunchScreen.storyboard in Resources */,
			);
			runOnlyForDeploymentPostprocessing = 0;
		};
/* End PBXResourcesBuildPhase section */

/* Begin PBXSourcesBuildPhase section */
		C7764E6020DD90C90035012F /* Sources */ = {
			isa = PBXSourcesBuildPhase;
			buildActionMask = 2147483647;
			files = (
				C7764E8220DD915B0035012F /* GameModel.swift in Sources */,
				C7764E8020DD91400035012F /* BitBoard.swift in Sources */,
				C7764E6E20DD90C90035012F /* GameScene.swift in Sources */,
				C7764E7020DD90C90035012F /* GameViewController.swift in Sources */,
				C7764E6820DD90C90035012F /* AppDelegate.swift in Sources */,
			);
			runOnlyForDeploymentPostprocessing = 0;
		};
/* End PBXSourcesBuildPhase section */

/* Begin PBXVariantGroup section */
		C7764E7120DD90C90035012F /* Main.storyboard */ = {
			isa = PBXVariantGroup;
			children = (
				C7764E7220DD90C90035012F /* Base */,
			);
			name = Main.storyboard;
			sourceTree = "<group>";
		};
		C7764E7620DD90CB0035012F /* LaunchScreen.storyboard */ = {
			isa = PBXVariantGroup;
			children = (
				C7764E7720DD90CB0035012F /* Base */,
			);
			name = LaunchScreen.storyboard;
			sourceTree = "<group>";
		};
/* End PBXVariantGroup section */

/* Begin XCBuildConfiguration section */
		C7764E7A20DD90CB0035012F /* Debug */ = {
			isa = XCBuildConfiguration;
			buildSettings = {
				ALWAYS_SEARCH_USER_PATHS = NO;
				CLANG_ANALYZER_NONNULL = YES;
				CLANG_ANALYZER_NUMBER_OBJECT_CONVERSION = YES_AGGRESSIVE;
				CLANG_CXX_LANGUAGE_STANDARD = "gnu++14";
				CLANG_CXX_LIBRARY = "libc++";
				CLANG_ENABLE_MODULES = YES;
				CLANG_ENABLE_OBJC_ARC = YES;
				CLANG_ENABLE_OBJC_WEAK = YES;
				CLANG_WARN_BLOCK_CAPTURE_AUTORELEASING = YES;
				CLANG_WARN_BOOL_CONVERSION = YES;
				CLANG_WARN_COMMA = YES;
				CLANG_WARN_CONSTANT_CONVERSION = YES;
				CLANG_WARN_DEPRECATED_OBJC_IMPLEMENTATIONS = YES;
				CLANG_WARN_DIRECT_OBJC_ISA_USAGE = YES_ERROR;
				CLANG_WARN_DOCUMENTATION_COMMENTS = YES;
				CLANG_WARN_EMPTY_BODY = YES;
				CLANG_WARN_ENUM_CONVERSION = YES;
				CLANG_WARN_INFINITE_RECURSION = YES;
				CLANG_WARN_INT_CONVERSION = YES;
				CLANG_WARN_NON_LITERAL_NULL_CONVERSION = YES;
				CLANG_WARN_OBJC_IMPLICIT_RETAIN_SELF = YES;
				CLANG_WARN_OBJC_LITERAL_CONVERSION = YES;
				CLANG_WARN_OBJC_ROOT_CLASS = YES_ERROR;
				CLANG_WARN_RANGE_LOOP_ANALYSIS = YES;
				CLANG_WARN_STRICT_PROTOTYPES = YES;
				CLANG_WARN_SUSPICIOUS_MOVE = YES;
				CLANG_WARN_UNGUARDED_AVAILABILITY = YES_AGGRESSIVE;
				CLANG_WARN_UNREACHABLE_CODE = YES;
				CLANG_WARN__DUPLICATE_METHOD_MATCH = YES;
				CODE_SIGN_IDENTITY = "iPhone Developer";
				COPY_PHASE_STRIP = NO;
				DEBUG_INFORMATION_FORMAT = dwarf;
				ENABLE_STRICT_OBJC_MSGSEND = YES;
				ENABLE_TESTABILITY = YES;
				GCC_C_LANGUAGE_STANDARD = gnu11;
				GCC_DYNAMIC_NO_PIC = NO;
				GCC_NO_COMMON_BLOCKS = YES;
				GCC_OPTIMIZATION_LEVEL = 0;
				GCC_PREPROCESSOR_DEFINITIONS = (
					"DEBUG=1",
					"$(inherited)",
				);
				GCC_WARN_64_TO_32_BIT_CONVERSION = YES;
				GCC_WARN_ABOUT_RETURN_TYPE = YES_ERROR;
				GCC_WARN_UNDECLARED_SELECTOR = YES;
				GCC_WARN_UNINITIALIZED_AUTOS = YES_AGGRESSIVE;
				GCC_WARN_UNUSED_FUNCTION = YES;
				GCC_WARN_UNUSED_VARIABLE = YES;
				IPHONEOS_DEPLOYMENT_TARGET = 12.0;
				MTL_ENABLE_DEBUG_INFO = INCLUDE_SOURCE;
				ONLY_ACTIVE_ARCH = YES;
				SDKROOT = iphoneos;
				SWIFT_ACTIVE_COMPILATION_CONDITIONS = DEBUG;
				SWIFT_OPTIMIZATION_LEVEL = "-Onone";
			};
			name = Debug;
		};
		C7764E7B20DD90CB0035012F /* Release */ = {
			isa = XCBuildConfiguration;
			buildSettings = {
				ALWAYS_SEARCH_USER_PATHS = NO;
				CLANG_ANALYZER_NONNULL = YES;
				CLANG_ANALYZER_NUMBER_OBJECT_CONVERSION = YES_AGGRESSIVE;
				CLANG_CXX_LANGUAGE_STANDARD = "gnu++14";
				CLANG_CXX_LIBRARY = "libc++";
				CLANG_ENABLE_MODULES = YES;
				CLANG_ENABLE_OBJC_ARC = YES;
				CLANG_ENABLE_OBJC_WEAK = YES;
				CLANG_WARN_BLOCK_CAPTURE_AUTORELEASING = YES;
				CLANG_WARN_BOOL_CONVERSION = YES;
				CLANG_WARN_COMMA = YES;
				CLANG_WARN_CONSTANT_CONVERSION = YES;
				CLANG_WARN_DEPRECATED_OBJC_IMPLEMENTATIONS = YES;
				CLANG_WARN_DIRECT_OBJC_ISA_USAGE = YES_ERROR;
				CLANG_WARN_DOCUMENTATION_COMMENTS = YES;
				CLANG_WARN_EMPTY_BODY = YES;
				CLANG_WARN_ENUM_CONVERSION = YES;
				CLANG_WARN_INFINITE_RECURSION = YES;
				CLANG_WARN_INT_CONVERSION = YES;
				CLANG_WARN_NON_LITERAL_NULL_CONVERSION = YES;
				CLANG_WARN_OBJC_IMPLICIT_RETAIN_SELF = YES;
				CLANG_WARN_OBJC_LITERAL_CONVERSION = YES;
				CLANG_WARN_OBJC_ROOT_CLASS = YES_ERROR;
				CLANG_WARN_RANGE_LOOP_ANALYSIS = YES;
				CLANG_WARN_STRICT_PROTOTYPES = YES;
				CLANG_WARN_SUSPICIOUS_MOVE = YES;
				CLANG_WARN_UNGUARDED_AVAILABILITY = YES_AGGRESSIVE;
				CLANG_WARN_UNREACHABLE_CODE = YES;
				CLANG_WARN__DUPLICATE_METHOD_MATCH = YES;
				CODE_SIGN_IDENTITY = "iPhone Developer";
				COPY_PHASE_STRIP = NO;
				DEBUG_INFORMATION_FORMAT = "dwarf-with-dsym";
				ENABLE_NS_ASSERTIONS = NO;
				ENABLE_STRICT_OBJC_MSGSEND = YES;
				GCC_C_LANGUAGE_STANDARD = gnu11;
				GCC_NO_COMMON_BLOCKS = YES;
				GCC_WARN_64_TO_32_BIT_CONVERSION = YES;
				GCC_WARN_ABOUT_RETURN_TYPE = YES_ERROR;
				GCC_WARN_UNDECLARED_SELECTOR = YES;
				GCC_WARN_UNINITIALIZED_AUTOS = YES_AGGRESSIVE;
				GCC_WARN_UNUSED_FUNCTION = YES;
				GCC_WARN_UNUSED_VARIABLE = YES;
				IPHONEOS_DEPLOYMENT_TARGET = 12.0;
				MTL_ENABLE_DEBUG_INFO = NO;
				SDKROOT = iphoneos;
				SWIFT_COMPILATION_MODE = wholemodule;
				SWIFT_OPTIMIZATION_LEVEL = "-O";
				VALIDATE_PRODUCT = YES;
			};
			name = Release;
		};
		C7764E7D20DD90CB0035012F /* Debug */ = {
			isa = XCBuildConfiguration;
			buildSettings = {
				ASSETCATALOG_COMPILER_APPICON_NAME = AppIcon;
				CODE_SIGN_STYLE = Automatic;
				DEVELOPMENT_TEAM = "";
				INFOPLIST_FILE = "Swift Checkers/Info.plist";
				LD_RUNPATH_SEARCH_PATHS = (
					"$(inherited)",
					"@executable_path/Frameworks",
				);
				PRODUCT_BUNDLE_IDENTIFIER = "com.manuelbroncano.Swift-Checkers";
				PRODUCT_NAME = "$(TARGET_NAME)";
				SWIFT_VERSION = 4.2;
				TARGETED_DEVICE_FAMILY = "1,2";
			};
			name = Debug;
		};
		C7764E7E20DD90CB0035012F /* Release */ = {
			isa = XCBuildConfiguration;
			buildSettings = {
				ASSETCATALOG_COMPILER_APPICON_NAME = AppIcon;
				CODE_SIGN_STYLE = Automatic;
				DEVELOPMENT_TEAM = "";
				INFOPLIST_FILE = "Swift Checkers/Info.plist";
				LD_RUNPATH_SEARCH_PATHS = (
					"$(inherited)",
					"@executable_path/Frameworks",
				);
				PRODUCT_BUNDLE_IDENTIFIER = "com.manuelbroncano.Swift-Checkers";
				PRODUCT_NAME = "$(TARGET_NAME)";
				SWIFT_VERSION = 4.2;
				TARGETED_DEVICE_FAMILY = "1,2";
			};
			name = Release;
		};
/* End XCBuildConfiguration section */

/* Begin XCConfigurationList section */
		C7764E5F20DD90C90035012F /* Build configuration list for PBXProject "Swift Checkers" */ = {
			isa = XCConfigurationList;
			buildConfigurations = (
				C7764E7A20DD90CB0035012F /* Debug */,
				C7764E7B20DD90CB0035012F /* Release */,
			);
			defaultConfigurationIsVisible = 0;
			defaultConfigurationName = Release;
		};
		C7764E7C20DD90CB0035012F /* Build configuration list for PBXNativeTarget "Swift Checkers" */ = {
			isa = XCConfigurationList;
			buildConfigurations = (
				C7764E7D20DD90CB0035012F /* Debug */,
				C7764E7E20DD90CB0035012F /* Release */,
			);
			defaultConfigurationIsVisible = 0;
			defaultConfigurationName = Release;
		};
/* End XCConfigurationList section */
	};
	rootObject = C7764E5C20DD90C90035012F /* Project object */;
}
